
Microsoft Visual Studio Solution File, Format Version 12.00
# Visual Studio 15
Project("{FAE04EC0-301F-11D3-BF4B-00C04F79EFBC}") = "Assembly-CSharp", "Assembly-CSharp.csproj", "{1A4E70FC-DF7D-1F9A-0E45-E5AF804CAB9E}"
EndProject
Project("{FAE04EC0-301F-11D3-BF4B-00C04F79EFBC}") = "Assembly-CSharp-Editor", "Assembly-CSharp-Editor.csproj", "{DC5A2041-BD03-8D72-D77F-FE07841EA8BA}"
EndProject
Global
	GlobalSection(SolutionConfigurationPlatforms) = preSolution
		Debug|Any CPU = Debug|Any CPU
		Release|Any CPU = Release|Any CPU
	EndGlobalSection
	GlobalSection(ProjectConfigurationPlatforms) = postSolution
		{1A4E70FC-DF7D-1F9A-0E45-E5AF804CAB9E}.Debug|Any CPU.ActiveCfg = Debug|Any CPU
		{1A4E70FC-DF7D-1F9A-0E45-E5AF804CAB9E}.Debug|Any CPU.Build.0 = Debug|Any CPU
		{1A4E70FC-DF7D-1F9A-0E45-E5AF804CAB9E}.Release|Any CPU.ActiveCfg = Release|Any CPU
		{1A4E70FC-DF7D-1F9A-0E45-E5AF804CAB9E}.Release|Any CPU.Build.0 = Release|Any CPU
		{DC5A2041-BD03-8D72-D77F-FE07841EA8BA}.Debug|Any CPU.ActiveCfg = Debug|Any CPU
		{DC5A2041-BD03-8D72-D77F-FE07841EA8BA}.Debug|Any CPU.Build.0 = Debug|Any CPU
		{DC5A2041-BD03-8D72-D77F-FE07841EA8BA}.Release|Any CPU.ActiveCfg = Release|Any CPU
		{DC5A2041-BD03-8D72-D77F-FE07841EA8BA}.Release|Any CPU.Build.0 = Release|Any CPU
	EndGlobalSection
	GlobalSection(SolutionProperties) = preSolution
		HideSolutionNode = FALSE
	EndGlobalSection
EndGlobal
